// !$*UTF8*$!
{
	archiveVersion = 1;
	classes = {
	};
	objectVersion = 46;
	objects = {

/* Begin PBXBuildFile section */
		ED55C6831C1E296D00711F80 /* main.cpp in Sources */ = {isa = PBXBuildFile; fileRef = ED55C6821C1E296D00711F80 /* main.cpp */; };
		EDC090AC1C1F77B400DAD1ED /* Suma liczb dwucyfrowych.cpp in Sources */ = {isa = PBXBuildFile; fileRef = EDC090AA1C1F77B400DAD1ED /* Suma liczb dwucyfrowych.cpp */; };
/* End PBXBuildFile section */

/* Begin PBXCopyFilesBuildPhase section */
		ED55C67D1C1E296D00711F80 /* CopyFiles */ = {
			isa = PBXCopyFilesBuildPhase;
			buildActionMask = 2147483647;
			dstPath = /usr/share/man/man1/;
			dstSubfolderSpec = 0;
			files = (
			);
			runOnlyForDeploymentPostprocessing = 1;
		};
/* End PBXCopyFilesBuildPhase section */

/* Begin PBXFileReference section */
		ED55C67F1C1E296D00711F80 /* Dolary */ = {isa = PBXFileReference; explicitFileType = "compiled.mach-o.executable"; includeInIndex = 0; path = Dolary; sourceTree = BUILT_PRODUCTS_DIR; };
		ED55C6821C1E296D00711F80 /* main.cpp */ = {isa = PBXFileReference; lastKnownFileType = sourcecode.cpp.cpp; path = main.cpp; sourceTree = "<group>"; };
		EDC090AA1C1F77B400DAD1ED /* Suma liczb dwucyfrowych.cpp */ = {isa = PBXFileReference; fileEncoding = 4; lastKnownFileType = sourcecode.cpp.cpp; path = "Suma liczb dwucyfrowych.cpp"; sourceTree = "<group>"; };
/* End PBXFileReference section */

/* Begin PBXFrameworksBuildPhase section */
		ED55C67C1C1E296D00711F80 /* Frameworks */ = {
			isa = PBXFrameworksBuildPhase;
			buildActionMask = 2147483647;
			files = (
			);
			runOnlyForDeploymentPostprocessing = 0;
		};
/* End PBXFrameworksBuildPhase section */

/* Begin PBXGroup section */
		ED55C6761C1E296D00711F80 = {
			isa = PBXGroup;
			children = (
				ED55C6811C1E296D00711F80 /* Dolary */,
				ED55C6801C1E296D00711F80 /* Products */,
			);
			sourceTree = "<group>";
		};
		ED55C6801C1E296D00711F80 /* Products */ = {
			isa = PBXGroup;
			children = (
				ED55C67F1C1E296D00711F80 /* Dolary */,
			);
			name = Products;
			sourceTree = "<group>";
		};
		ED55C6811C1E296D00711F80 /* Dolary */ = {
			isa = PBXGroup;
			children = (
				ED55C6821C1E296D00711F80 /* main.cpp */,
				EDC090AA1C1F77B400DAD1ED /* Suma liczb dwucyfrowych.cpp */,
			);
			path = Dolary;
			sourceTree = "<group>";
		};
/* End PBXGroup section */

/* Begin PBXNativeTarget section */
		ED55C67E1C1E296D00711F80 /* Dolary */ = {
			isa = PBXNativeTarget;
			buildConfigurationList = ED55C6861C1E296D00711F80 /* Build configuration list for PBXNativeTarget "Dolary" */;
			buildPhases = (
				ED55C67B1C1E296D00711F80 /* Sources */,
				ED55C67C1C1E296D00711F80 /* Frameworks */,
				ED55C67D1C1E296D00711F80 /* CopyFiles */,
			);
			buildRules = (
			);
			dependencies = (
			);
			name = Dolary;
			productName = Dolary;
			productReference = ED55C67F1C1E296D00711F80 /* Dolary */;
			productType = "com.apple.product-type.tool";
		};
/* End PBXNativeTarget section */

/* Begin PBXProject section */
		ED55C6771C1E296D00711F80 /* Project object */ = {
			isa = PBXProject;
			attributes = {
				LastUpgradeCheck = 0710;
				ORGANIZATIONNAME = "Michał Grycki";
				TargetAttributes = {
					ED55C67E1C1E296D00711F80 = {
						CreatedOnToolsVersion = 7.1.1;
					};
				};
			};
			buildConfigurationList = ED55C67A1C1E296D00711F80 /* Build configuration list for PBXProject "Dolary" */;
			compatibilityVersion = "Xcode 3.2";
			developmentRegion = English;
			hasScannedForEncodings = 0;
			knownRegions = (
				en,
			);
			mainGroup = ED55C6761C1E296D00711F80;
			productRefGroup = ED55C6801C1E296D00711F80 /* Products */;
			projectDirPath = "";
			projectRoot = "";
			targets = (
				ED55C67E1C1E296D00711F80 /* Dolary */,
			);
		};
/* End PBXProject section */

/* Begin PBXSourcesBuildPhase section */
		ED55C67B1C1E296D00711F80 /* Sources */ = {
			isa = PBXSourcesBuildPhase;
			buildActionMask = 2147483647;
			files = (
				EDC090AC1C1F77B400DAD1ED /* Suma liczb dwucyfrowych.cpp in Sources */,
				ED55C6831C1E296D00711F80 /* main.cpp in Sources */,
			);
			runOnlyForDeploymentPostprocessing = 0;
		};
/* End PBXSourcesBuildPhase section */

/* Begin XCBuildConfiguration section */
		ED55C6841C1E296D00711F80 /* Debug */ = {
			isa = XCBuildConfiguration;
			buildSettings = {
				ALWAYS_SEARCH_USER_PATHS = NO;
				CLANG_CXX_LANGUAGE_STANDARD = "gnu++0x";
				CLANG_CXX_LIBRARY = "libc++";
				CLANG_ENABLE_MODULES = YES;
				CLANG_ENABLE_OBJC_ARC = YES;
				CLANG_WARN_BOOL_CONVERSION = YES;
				CLANG_WARN_CONSTANT_CONVERSION = YES;
				CLANG_WARN_DIRECT_OBJC_ISA_USAGE = YES_ERROR;
				CLANG_WARN_EMPTY_BODY = YES;
				CLANG_WARN_ENUM_CONVERSION = YES;
				CLANG_WARN_INT_CONVERSION = YES;
				CLANG_WARN_OBJC_ROOT_CLASS = YES_ERROR;
				CLANG_WARN_UNREACHABLE_CODE = YES;
				CLANG_WARN__DUPLICATE_METHOD_MATCH = YES;
				CODE_SIGN_IDENTITY = "-";
				COPY_PHASE_STRIP = NO;
				DEBUG_INFORMATION_FORMAT = dwarf;
				ENABLE_STRICT_OBJC_MSGSEND = YES;
				ENABLE_TESTABILITY = YES;
				GCC_C_LANGUAGE_STANDARD = gnu99;
				GCC_DYNAMIC_NO_PIC = NO;
				GCC_NO_COMMON_BLOCKS = YES;
				GCC_OPTIMIZATION_LEVEL = 0;
				GCC_PREPROCESSOR_DEFINITIONS = (
					"DEBUG=1",
					"$(inherited)",
				);
				GCC_WARN_64_TO_32_BIT_CONVERSION = YES;
				GCC_WARN_ABOUT_RETURN_TYPE = YES_ERROR;
				GCC_WARN_UNDECLARED_SELECTOR = YES;
				GCC_WARN_UNINITIALIZED_AUTOS = YES_AGGRESSIVE;
				GCC_WARN_UNUSED_FUNCTION = YES;
				GCC_WARN_UNUSED_VARIABLE = YES;
				MACOSX_DEPLOYMENT_TARGET = 10.11;
				MTL_ENABLE_DEBUG_INFO = YES;
				ONLY_ACTIVE_ARCH = YES;
				SDKROOT = macosx;
			};
			name = Debug;
		};
		ED55C6851C1E296D00711F80 /* Release */ = {
			isa = XCBuildConfiguration;
			buildSettings = {
				ALWAYS_SEARCH_USER_PATHS = NO;
				CLANG_CXX_LANGUAGE_STANDARD = "gnu++0x";
				CLANG_CXX_LIBRARY = "libc++";
				CLANG_ENABLE_MODULES = YES;
				CLANG_ENABLE_OBJC_ARC = YES;
				CLANG_WARN_BOOL_CONVERSION = YES;
				CLANG_WARN_CONSTANT_CONVERSION = YES;
				CLANG_WARN_DIRECT_OBJC_ISA_USAGE = YES_ERROR;
				CLANG_WARN_EMPTY_BODY = YES;
				CLANG_WARN_ENUM_CONVERSION = YES;
				CLANG_WARN_INT_CONVERSION = YES;
				CLANG_WARN_OBJC_ROOT_CLASS = YES_ERROR;
				CLANG_WARN_UNREACHABLE_CODE = YES;
				CLANG_WARN__DUPLICATE_METHOD_MATCH = YES;
				CODE_SIGN_IDENTITY = "-";
				COPY_PHASE_STRIP = NO;
				DEBUG_INFORMATION_FORMAT = "dwarf-with-dsym";
				ENABLE_NS_ASSERTIONS = NO;
				ENABLE_STRICT_OBJC_MSGSEND = YES;
				GCC_C_LANGUAGE_STANDARD = gnu99;
				GCC_NO_COMMON_BLOCKS = YES;
				GCC_WARN_64_TO_32_BIT_CONVERSION = YES;
				GCC_WARN_ABOUT_RETURN_TYPE = YES_ERROR;
				GCC_WARN_UNDECLARED_SELECTOR = YES;
				GCC_WARN_UNINITIALIZED_AUTOS = YES_AGGRESSIVE;
				GCC_WARN_UNUSED_FUNCTION = YES;
				GCC_WARN_UNUSED_VARIABLE = YES;
				MACOSX_DEPLOYMENT_TARGET = 10.11;
				MTL_ENABLE_DEBUG_INFO = NO;
				SDKROOT = macosx;
			};
			name = Release;
		};
		ED55C6871C1E296D00711F80 /* Debug */ = {
			isa = XCBuildConfiguration;
			buildSettings = {
				PRODUCT_NAME = "$(TARGET_NAME)";
			};
			name = Debug;
		};
		ED55C6881C1E296D00711F80 /* Release */ = {
			isa = XCBuildConfiguration;
			buildSettings = {
				PRODUCT_NAME = "$(TARGET_NAME)";
			};
			name = Release;
		};
/* End XCBuildConfiguration section */

/* Begin XCConfigurationList section */
		ED55C67A1C1E296D00711F80 /* Build configuration list for PBXProject "Dolary" */ = {
			isa = XCConfigurationList;
			buildConfigurations = (
				ED55C6841C1E296D00711F80 /* Debug */,
				ED55C6851C1E296D00711F80 /* Release */,
			);
			defaultConfigurationIsVisible = 0;
			defaultConfigurationName = Release;
		};
		ED55C6861C1E296D00711F80 /* Build configuration list for PBXNativeTarget "Dolary" */ = {
			isa = XCConfigurationList;
			buildConfigurations = (
				ED55C6871C1E296D00711F80 /* Debug */,
				ED55C6881C1E296D00711F80 /* Release */,
			);
			defaultConfigurationIsVisible = 0;
			defaultConfigurationName = Release;
		};
/* End XCConfigurationList section */
	};
	rootObject = ED55C6771C1E296D00711F80 /* Project object */;
}
